
Microsoft Visual Studio Solution File, Format Version 12.00
# Visual Studio Version 17
VisualStudioVersion = 17.14.36212.18 d17.14
MinimumVisualStudioVersion = 10.0.40219.1
Project("{54A90642-561A-4BB1-A94E-469ADEE60C69}") = "mustafabot.client", "mustafabot.client\mustafabot.client.esproj", "{6C7F22B8-15CE-B8B5-5765-6B2107A443EE}"
EndProject
Project("{FAE04EC0-301F-11D3-BF4B-00C04F79EFBC}") = "MustafaBot.Server", "MustafaBot.Server\MustafaBot.Server.csproj", "{97237808-A3DF-4689-BA5D-FE44F63EC667}"
EndProject
Global
	GlobalSection(SolutionConfigurationPlatforms) = preSolution
		Debug|Any CPU = Debug|Any CPU
		Release|Any CPU = Release|Any CPU
	EndGlobalSection
	GlobalSection(ProjectConfigurationPlatforms) = postSolution
		{6C7F22B8-15CE-B8B5-5765-6B2107A443EE}.Debug|Any CPU.ActiveCfg = Debug|Any CPU
		{6C7F22B8-15CE-B8B5-5765-6B2107A443EE}.Debug|Any CPU.Build.0 = Debug|Any CPU
		{6C7F22B8-15CE-B8B5-5765-6B2107A443EE}.Debug|Any CPU.Deploy.0 = Debug|Any CPU
		{6C7F22B8-15CE-B8B5-5765-6B2107A443EE}.Release|Any CPU.ActiveCfg = Release|Any CPU
		{6C7F22B8-15CE-B8B5-5765-6B2107A443EE}.Release|Any CPU.Build.0 = Release|Any CPU
		{6C7F22B8-15CE-B8B5-5765-6B2107A443EE}.Release|Any CPU.Deploy.0 = Release|Any CPU
		{97237808-A3DF-4689-BA5D-FE44F63EC667}.Debug|Any CPU.ActiveCfg = Debug|Any CPU
		{97237808-A3DF-4689-BA5D-FE44F63EC667}.Debug|Any CPU.Build.0 = Debug|Any CPU
		{97237808-A3DF-4689-BA5D-FE44F63EC667}.Release|Any CPU.ActiveCfg = Release|Any CPU
		{97237808-A3DF-4689-BA5D-FE44F63EC667}.Release|Any CPU.Build.0 = Release|Any CPU
	EndGlobalSection
	GlobalSection(SolutionProperties) = preSolution
		HideSolutionNode = FALSE
	EndGlobalSection
	GlobalSection(ExtensibilityGlobals) = postSolution
		SolutionGuid = {5833DD69-6959-4D4C-886C-5054F242759B}
	EndGlobalSection
EndGlobal
